
Microsoft Visual Studio Solution File, Format Version 12.00
# Visual Studio 2013
VisualStudioVersion = 12.0.21005.1
MinimumVisualStudioVersion = 10.0.40219.1
Project("{FAE04EC0-301F-11D3-BF4B-00C04F79EFBC}") = "1.ReverseString", "3.StringsAndTextProcessing\1.ReverseString.csproj", "{78A27181-FFAB-4F3D-BC6A-12B28BB98BF1}"
EndProject
Project("{FAE04EC0-301F-11D3-BF4B-00C04F79EFBC}") = "2.StringLength", "2.StringLength\2.StringLength.csproj", "{79694A90-D184-4AB3-B788-6F7AC2C47E93}"
EndProject
Project("{FAE04EC0-301F-11D3-BF4B-00C04F79EFBC}") = "3.CountSubstringOccurrences", "3.CountSubstringOccurrences\3.CountSubstringOccurrences.csproj", "{B184FE67-0F07-4947-924F-7356E3C234C6}"
EndProject
Project("{FAE04EC0-301F-11D3-BF4B-00C04F79EFBC}") = "4.TextFilter", "4.TextFilter\4.TextFilter.csproj", "{067C01E7-9437-4633-961D-57B56CBC1AB0}"
EndProject
Project("{FAE04EC0-301F-11D3-BF4B-00C04F79EFBC}") = "5.UnicodeCharacters", "5.UnicodeCharacters\5.UnicodeCharacters.csproj", "{CB388E93-A85B-4260-9E2F-9EE55D92ED71}"
EndProject
Project("{FAE04EC0-301F-11D3-BF4B-00C04F79EFBC}") = "6.Palindromes", "6.Palindromes\6.Palindromes.csproj", "{BEA821CC-A294-4F8B-9299-3A4F297AFB5A}"
EndProject
Project("{FAE04EC0-301F-11D3-BF4B-00C04F79EFBC}") = "7.LettersChangeNumbers", "7.LettersChangeNumbers\7.LettersChangeNumbers.csproj", "{9901329F-E27F-404A-98D0-8F326E4BD7AF}"
EndProject
Global
	GlobalSection(SolutionConfigurationPlatforms) = preSolution
		Debug|Any CPU = Debug|Any CPU
		Release|Any CPU = Release|Any CPU
	EndGlobalSection
	GlobalSection(ProjectConfigurationPlatforms) = postSolution
		{78A27181-FFAB-4F3D-BC6A-12B28BB98BF1}.Debug|Any CPU.ActiveCfg = Debug|Any CPU
		{78A27181-FFAB-4F3D-BC6A-12B28BB98BF1}.Debug|Any CPU.Build.0 = Debug|Any CPU
		{78A27181-FFAB-4F3D-BC6A-12B28BB98BF1}.Release|Any CPU.ActiveCfg = Release|Any CPU
		{78A27181-FFAB-4F3D-BC6A-12B28BB98BF1}.Release|Any CPU.Build.0 = Release|Any CPU
		{79694A90-D184-4AB3-B788-6F7AC2C47E93}.Debug|Any CPU.ActiveCfg = Debug|Any CPU
		{79694A90-D184-4AB3-B788-6F7AC2C47E93}.Debug|Any CPU.Build.0 = Debug|Any CPU
		{79694A90-D184-4AB3-B788-6F7AC2C47E93}.Release|Any CPU.ActiveCfg = Release|Any CPU
		{79694A90-D184-4AB3-B788-6F7AC2C47E93}.Release|Any CPU.Build.0 = Release|Any CPU
		{B184FE67-0F07-4947-924F-7356E3C234C6}.Debug|Any CPU.ActiveCfg = Debug|Any CPU
		{B184FE67-0F07-4947-924F-7356E3C234C6}.Debug|Any CPU.Build.0 = Debug|Any CPU
		{B184FE67-0F07-4947-924F-7356E3C234C6}.Release|Any CPU.ActiveCfg = Release|Any CPU
		{B184FE67-0F07-4947-924F-7356E3C234C6}.Release|Any CPU.Build.0 = Release|Any CPU
		{067C01E7-9437-4633-961D-57B56CBC1AB0}.Debug|Any CPU.ActiveCfg = Debug|Any CPU
		{067C01E7-9437-4633-961D-57B56CBC1AB0}.Debug|Any CPU.Build.0 = Debug|Any CPU
		{067C01E7-9437-4633-961D-57B56CBC1AB0}.Release|Any CPU.ActiveCfg = Release|Any CPU
		{067C01E7-9437-4633-961D-57B56CBC1AB0}.Release|Any CPU.Build.0 = Release|Any CPU
		{CB388E93-A85B-4260-9E2F-9EE55D92ED71}.Debug|Any CPU.ActiveCfg = Debug|Any CPU
		{CB388E93-A85B-4260-9E2F-9EE55D92ED71}.Debug|Any CPU.Build.0 = Debug|Any CPU
		{CB388E93-A85B-4260-9E2F-9EE55D92ED71}.Release|Any CPU.ActiveCfg = Release|Any CPU
		{CB388E93-A85B-4260-9E2F-9EE55D92ED71}.Release|Any CPU.Build.0 = Release|Any CPU
		{BEA821CC-A294-4F8B-9299-3A4F297AFB5A}.Debug|Any CPU.ActiveCfg = Debug|Any CPU
		{BEA821CC-A294-4F8B-9299-3A4F297AFB5A}.Debug|Any CPU.Build.0 = Debug|Any CPU
		{BEA821CC-A294-4F8B-9299-3A4F297AFB5A}.Release|Any CPU.ActiveCfg = Release|Any CPU
		{BEA821CC-A294-4F8B-9299-3A4F297AFB5A}.Release|Any CPU.Build.0 = Release|Any CPU
		{9901329F-E27F-404A-98D0-8F326E4BD7AF}.Debug|Any CPU.ActiveCfg = Debug|Any CPU
		{9901329F-E27F-404A-98D0-8F326E4BD7AF}.Debug|Any CPU.Build.0 = Debug|Any CPU
		{9901329F-E27F-404A-98D0-8F326E4BD7AF}.Release|Any CPU.ActiveCfg = Release|Any CPU
		{9901329F-E27F-404A-98D0-8F326E4BD7AF}.Release|Any CPU.Build.0 = Release|Any CPU
	EndGlobalSection
	GlobalSection(SolutionProperties) = preSolution
		HideSolutionNode = FALSE
	EndGlobalSection
EndGlobal
